<?xml version="1.0" encoding="utf-8"?>
<Project ToolsVersion="4.0" xmlns="http://schemas.microsoft.com/developer/msbuild/2003">
  <ItemGroup>
    <ClCompile Include="main.cpp">
      <Filter>Source Files</Filter>
    </ClCompile>
    <ClCompile Include="Qcc.cpp">
      <Filter>Source Files</Filter>
    </ClCompile>
    <ClCompile Include="QccView.cpp">
      <Filter>Source Files</Filter>
    </ClCompile>
    <ClCompile Include="Obb.cpp">
      <Filter>Source Files</Filter>
    </ClCompile>
  </ItemGroup>
  <ItemGroup>
    <ResourceCompile Include="Qcc.rc" />
  </ItemGroup>
  <ItemGroup>
    <QtMoc Include="Qcc.h">
      <Filter>Header Files</Filter>
    </QtMoc>
    <QtMoc Include="QccView.h">
      <Filter>Header Files</Filter>
    </QtMoc>
  </ItemGroup>
  <ItemGroup>
    <Filter Include="Header Files">
      <UniqueIdentifier>{c61759d7-c425-476c-bfb1-022269a8850e}</UniqueIdentifier>
    </Filter>
    <Filter Include="Resource Files">
      <UniqueIdentifier>{6abd5366-9d19-41b2-8254-4ca33c95b80c}</UniqueIdentifier>
    </Filter>
    <Filter Include="Source Files">
      <UniqueIdentifier>{2fbd666d-1f0a-4245-8d52-8770ea659f51}</UniqueIdentifier>
    </Filter>
    <Filter Include="Form Files">
      <UniqueIdentifier>{2d931396-069e-4e97-86c5-c2babd2510a8}</UniqueIdentifier>
    </Filter>
  </ItemGroup>
  <ItemGroup>
    <QtRcc Include="Qcc.qrc">
      <Filter>Resource Files</Filter>
    </QtRcc>
  </ItemGroup>
  <ItemGroup>
    <QtUic Include="Qcc.ui">
      <Filter>Form Files</Filter>
    </QtUic>
  </ItemGroup>
  <ItemGroup>
    <ClInclude Include="resource.h" />
    <ClInclude Include="Obb.h">
      <Filter>Header Files</Filter>
    </ClInclude>
    <ClInclude Include="ShapeHandle.hpp" />
  </ItemGroup>
</Project>